
Microsoft Visual Studio Solution File, Format Version 12.00
# Visual Studio 15
VisualStudioVersion = 15.0.27428.2011
MinimumVisualStudioVersion = 10.0.40219.1
Project("{FAE04EC0-301F-11D3-BF4B-00C04F79EFBC}") = "CSCGuard", "CSCGuard\CSCGuard.csproj", "{B9B6617B-98B1-47D4-B0B3-8D221D296541}"
EndProject
Global
	GlobalSection(SolutionConfigurationPlatforms) = preSolution
		Debug|Any CPU = Debug|Any CPU
		Release|Any CPU = Release|Any CPU
	EndGlobalSection
	GlobalSection(ProjectConfigurationPlatforms) = postSolution
		{B9B6617B-98B1-47D4-B0B3-8D221D296541}.Debug|Any CPU.ActiveCfg = Debug|Any CPU
		{B9B6617B-98B1-47D4-B0B3-8D221D296541}.Debug|Any CPU.Build.0 = Debug|Any CPU
		{B9B6617B-98B1-47D4-B0B3-8D221D296541}.Release|Any CPU.ActiveCfg = Release|Any CPU
		{B9B6617B-98B1-47D4-B0B3-8D221D296541}.Release|Any CPU.Build.0 = Release|Any CPU
	EndGlobalSection
	GlobalSection(SolutionProperties) = preSolution
		HideSolutionNode = FALSE
	EndGlobalSection
	GlobalSection(ExtensibilityGlobals) = postSolution
		SolutionGuid = {F8983674-F763-4082-80D3-A378EB9DEDE2}
	EndGlobalSection
EndGlobal
